
Microsoft Visual Studio Solution File, Format Version 12.00
# Visual Studio Version 17
VisualStudioVersion = 17.14.36414.22 d17.14
MinimumVisualStudioVersion = 10.0.40219.1
Project("{FAE04EC0-301F-11D3-BF4B-00C04F79EFBC}") = "SnakeRun", "WindowsFormsApp1\SnakeRun.csproj", "{9CDF4D6E-ED77-4A13-A1A3-73EF613DF9AB}"
EndProject
Project("{FAE04EC0-301F-11D3-BF4B-00C04F79EFBC}") = "SnakeGameLibrary", "..\SnakeGameLibrary\SnakeGameLibrary\SnakeGameLibrary.csproj", "{0AD8D7A4-CC4F-4E6B-AA74-29991265EC3B}"
EndProject
Global
	GlobalSection(SolutionConfigurationPlatforms) = preSolution
		Debug|Any CPU = Debug|Any CPU
		Release|Any CPU = Release|Any CPU
	EndGlobalSection
	GlobalSection(ProjectConfigurationPlatforms) = postSolution
		{9CDF4D6E-ED77-4A13-A1A3-73EF613DF9AB}.Debug|Any CPU.ActiveCfg = Debug|Any CPU
		{9CDF4D6E-ED77-4A13-A1A3-73EF613DF9AB}.Debug|Any CPU.Build.0 = Debug|Any CPU
		{9CDF4D6E-ED77-4A13-A1A3-73EF613DF9AB}.Release|Any CPU.ActiveCfg = Release|Any CPU
		{9CDF4D6E-ED77-4A13-A1A3-73EF613DF9AB}.Release|Any CPU.Build.0 = Release|Any CPU
		{0AD8D7A4-CC4F-4E6B-AA74-29991265EC3B}.Debug|Any CPU.ActiveCfg = Debug|Any CPU
		{0AD8D7A4-CC4F-4E6B-AA74-29991265EC3B}.Debug|Any CPU.Build.0 = Debug|Any CPU
		{0AD8D7A4-CC4F-4E6B-AA74-29991265EC3B}.Release|Any CPU.ActiveCfg = Release|Any CPU
		{0AD8D7A4-CC4F-4E6B-AA74-29991265EC3B}.Release|Any CPU.Build.0 = Release|Any CPU
	EndGlobalSection
	GlobalSection(SolutionProperties) = preSolution
		HideSolutionNode = FALSE
	EndGlobalSection
	GlobalSection(ExtensibilityGlobals) = postSolution
		SolutionGuid = {A739A978-793F-4D65-AD40-37E0E1926242}
	EndGlobalSection
EndGlobal
